
Microsoft Visual Studio Solution File, Format Version 12.00
# Visual Studio Version 17
VisualStudioVersion = 17.9.34714.143
MinimumVisualStudioVersion = 10.0.40219.1
Project("{FAE04EC0-301F-11D3-BF4B-00C04F79EFBC}") = "JogoRPG01", "JogoRPG01\JogoRPG01.csproj", "{96974B0A-7D2A-4646-98C8-AA9F33009CA7}"
EndProject
Global
	GlobalSection(SolutionConfigurationPlatforms) = preSolution
		Debug|Any CPU = Debug|Any CPU
		Release|Any CPU = Release|Any CPU
	EndGlobalSection
	GlobalSection(ProjectConfigurationPlatforms) = postSolution
		{96974B0A-7D2A-4646-98C8-AA9F33009CA7}.Debug|Any CPU.ActiveCfg = Debug|Any CPU
		{96974B0A-7D2A-4646-98C8-AA9F33009CA7}.Debug|Any CPU.Build.0 = Debug|Any CPU
		{96974B0A-7D2A-4646-98C8-AA9F33009CA7}.Release|Any CPU.ActiveCfg = Release|Any CPU
		{96974B0A-7D2A-4646-98C8-AA9F33009CA7}.Release|Any CPU.Build.0 = Release|Any CPU
	EndGlobalSection
	GlobalSection(SolutionProperties) = preSolution
		HideSolutionNode = FALSE
	EndGlobalSection
	GlobalSection(ExtensibilityGlobals) = postSolution
		SolutionGuid = {66ABE5C4-E607-4850-8391-345AF86559C4}
	EndGlobalSection
EndGlobal
