
Microsoft Visual Studio Solution File, Format Version 12.00
# Visual Studio Version 17
VisualStudioVersion = 17.3.32929.385
MinimumVisualStudioVersion = 10.0.40219.1
Project("{FAE04EC0-301F-11D3-BF4B-00C04F79EFBC}") = "estatisticas", "estatisticas\estatisticas.csproj", "{8092DD92-A4A7-41CE-ABFA-B6DC20D58E5E}"
EndProject
Global
	GlobalSection(SolutionConfigurationPlatforms) = preSolution
		Debug|Any CPU = Debug|Any CPU
		Release|Any CPU = Release|Any CPU
	EndGlobalSection
	GlobalSection(ProjectConfigurationPlatforms) = postSolution
		{8092DD92-A4A7-41CE-ABFA-B6DC20D58E5E}.Debug|Any CPU.ActiveCfg = Debug|Any CPU
		{8092DD92-A4A7-41CE-ABFA-B6DC20D58E5E}.Debug|Any CPU.Build.0 = Debug|Any CPU
		{8092DD92-A4A7-41CE-ABFA-B6DC20D58E5E}.Release|Any CPU.ActiveCfg = Release|Any CPU
		{8092DD92-A4A7-41CE-ABFA-B6DC20D58E5E}.Release|Any CPU.Build.0 = Release|Any CPU
	EndGlobalSection
	GlobalSection(SolutionProperties) = preSolution
		HideSolutionNode = FALSE
	EndGlobalSection
	GlobalSection(ExtensibilityGlobals) = postSolution
		SolutionGuid = {414AC4AC-D128-44F1-A78F-6840B2A38818}
	EndGlobalSection
EndGlobal
