
Microsoft Visual Studio Solution File, Format Version 12.00
# Visual Studio Version 17
VisualStudioVersion = 17.3.32929.385
MinimumVisualStudioVersion = 10.0.40219.1
Project("{FAE04EC0-301F-11D3-BF4B-00C04F79EFBC}") = "Tabuada 24.07.23", "Tabuada 24.07.23\Tabuada 24.07.23.csproj", "{43D5ECAE-D580-4B9A-B3D0-D78968D79BA4}"
EndProject
Global
	GlobalSection(SolutionConfigurationPlatforms) = preSolution
		Debug|Any CPU = Debug|Any CPU
		Release|Any CPU = Release|Any CPU
	EndGlobalSection
	GlobalSection(ProjectConfigurationPlatforms) = postSolution
		{43D5ECAE-D580-4B9A-B3D0-D78968D79BA4}.Debug|Any CPU.ActiveCfg = Debug|Any CPU
		{43D5ECAE-D580-4B9A-B3D0-D78968D79BA4}.Debug|Any CPU.Build.0 = Debug|Any CPU
		{43D5ECAE-D580-4B9A-B3D0-D78968D79BA4}.Release|Any CPU.ActiveCfg = Release|Any CPU
		{43D5ECAE-D580-4B9A-B3D0-D78968D79BA4}.Release|Any CPU.Build.0 = Release|Any CPU
	EndGlobalSection
	GlobalSection(SolutionProperties) = preSolution
		HideSolutionNode = FALSE
	EndGlobalSection
	GlobalSection(ExtensibilityGlobals) = postSolution
		SolutionGuid = {05BC506C-B0F4-4985-A1D1-F7C215ACE2A1}
	EndGlobalSection
EndGlobal
