
Microsoft Visual Studio Solution File, Format Version 12.00
# Visual Studio Version 17
VisualStudioVersion = 17.3.32901.215
MinimumVisualStudioVersion = 10.0.40219.1
Project("{FAE04EC0-301F-11D3-BF4B-00C04F79EFBC}") = "Test1", "Test1\Test1.csproj", "{070C177A-BA06-4D7F-AAFE-B1FC8C164D88}"
EndProject
Global
	GlobalSection(SolutionConfigurationPlatforms) = preSolution
		Debug|Any CPU = Debug|Any CPU
		Release|Any CPU = Release|Any CPU
	EndGlobalSection
	GlobalSection(ProjectConfigurationPlatforms) = postSolution
		{070C177A-BA06-4D7F-AAFE-B1FC8C164D88}.Debug|Any CPU.ActiveCfg = Debug|Any CPU
		{070C177A-BA06-4D7F-AAFE-B1FC8C164D88}.Debug|Any CPU.Build.0 = Debug|Any CPU
		{070C177A-BA06-4D7F-AAFE-B1FC8C164D88}.Release|Any CPU.ActiveCfg = Release|Any CPU
		{070C177A-BA06-4D7F-AAFE-B1FC8C164D88}.Release|Any CPU.Build.0 = Release|Any CPU
	EndGlobalSection
	GlobalSection(SolutionProperties) = preSolution
		HideSolutionNode = FALSE
	EndGlobalSection
	GlobalSection(ExtensibilityGlobals) = postSolution
		SolutionGuid = {59596CE6-7598-4160-A90E-DCB7D3743D56}
	EndGlobalSection
EndGlobal
