
Microsoft Visual Studio Solution File, Format Version 12.00
# Visual Studio Version 17
VisualStudioVersion = 17.3.32901.215
MinimumVisualStudioVersion = 10.0.40219.1
Project("{FAE04EC0-301F-11D3-BF4B-00C04F79EFBC}") = "mediasfaculdade", "mediasfaculdade\mediasfaculdade.csproj", "{A981A8B3-8314-49A2-A500-7FCE211CC903}"
EndProject
Global
	GlobalSection(SolutionConfigurationPlatforms) = preSolution
		Debug|Any CPU = Debug|Any CPU
		Release|Any CPU = Release|Any CPU
	EndGlobalSection
	GlobalSection(ProjectConfigurationPlatforms) = postSolution
		{A981A8B3-8314-49A2-A500-7FCE211CC903}.Debug|Any CPU.ActiveCfg = Debug|Any CPU
		{A981A8B3-8314-49A2-A500-7FCE211CC903}.Debug|Any CPU.Build.0 = Debug|Any CPU
		{A981A8B3-8314-49A2-A500-7FCE211CC903}.Release|Any CPU.ActiveCfg = Release|Any CPU
		{A981A8B3-8314-49A2-A500-7FCE211CC903}.Release|Any CPU.Build.0 = Release|Any CPU
	EndGlobalSection
	GlobalSection(SolutionProperties) = preSolution
		HideSolutionNode = FALSE
	EndGlobalSection
	GlobalSection(ExtensibilityGlobals) = postSolution
		SolutionGuid = {650D8415-94F5-4A5A-9C8C-AE408A256B96}
	EndGlobalSection
EndGlobal
