
Microsoft Visual Studio Solution File, Format Version 12.00
# Visual Studio Version 17
VisualStudioVersion = 17.3.32929.385
MinimumVisualStudioVersion = 10.0.40219.1
Project("{FAE04EC0-301F-11D3-BF4B-00C04F79EFBC}") = "sorteiosdedados", "sorteiosdedados\sorteiosdedados.csproj", "{A206BA67-0AD8-410A-9EA0-857AC14D2A40}"
EndProject
Global
	GlobalSection(SolutionConfigurationPlatforms) = preSolution
		Debug|Any CPU = Debug|Any CPU
		Release|Any CPU = Release|Any CPU
	EndGlobalSection
	GlobalSection(ProjectConfigurationPlatforms) = postSolution
		{A206BA67-0AD8-410A-9EA0-857AC14D2A40}.Debug|Any CPU.ActiveCfg = Debug|Any CPU
		{A206BA67-0AD8-410A-9EA0-857AC14D2A40}.Debug|Any CPU.Build.0 = Debug|Any CPU
		{A206BA67-0AD8-410A-9EA0-857AC14D2A40}.Release|Any CPU.ActiveCfg = Release|Any CPU
		{A206BA67-0AD8-410A-9EA0-857AC14D2A40}.Release|Any CPU.Build.0 = Release|Any CPU
	EndGlobalSection
	GlobalSection(SolutionProperties) = preSolution
		HideSolutionNode = FALSE
	EndGlobalSection
	GlobalSection(ExtensibilityGlobals) = postSolution
		SolutionGuid = {57A81B90-8669-4B4D-AF9A-DD43954D9A20}
	EndGlobalSection
EndGlobal
