
Microsoft Visual Studio Solution File, Format Version 12.00
# Visual Studio Version 17
VisualStudioVersion = 17.3.32901.215
MinimumVisualStudioVersion = 10.0.40219.1
Project("{FAE04EC0-301F-11D3-BF4B-00C04F79EFBC}") = "Test2", "Test2\Test2.csproj", "{AFC5E83E-7E6A-42C4-A4AF-67DE630E888F}"
EndProject
Global
	GlobalSection(SolutionConfigurationPlatforms) = preSolution
		Debug|Any CPU = Debug|Any CPU
		Release|Any CPU = Release|Any CPU
	EndGlobalSection
	GlobalSection(ProjectConfigurationPlatforms) = postSolution
		{AFC5E83E-7E6A-42C4-A4AF-67DE630E888F}.Debug|Any CPU.ActiveCfg = Debug|Any CPU
		{AFC5E83E-7E6A-42C4-A4AF-67DE630E888F}.Debug|Any CPU.Build.0 = Debug|Any CPU
		{AFC5E83E-7E6A-42C4-A4AF-67DE630E888F}.Release|Any CPU.ActiveCfg = Release|Any CPU
		{AFC5E83E-7E6A-42C4-A4AF-67DE630E888F}.Release|Any CPU.Build.0 = Release|Any CPU
	EndGlobalSection
	GlobalSection(SolutionProperties) = preSolution
		HideSolutionNode = FALSE
	EndGlobalSection
	GlobalSection(ExtensibilityGlobals) = postSolution
		SolutionGuid = {9A5F4D02-0774-4640-B22F-239F4001F2A2}
	EndGlobalSection
EndGlobal
