
Microsoft Visual Studio Solution File, Format Version 12.00
# Visual Studio Version 17
VisualStudioVersion = 17.3.32901.215
MinimumVisualStudioVersion = 10.0.40219.1
Project("{FAE04EC0-301F-11D3-BF4B-00C04F79EFBC}") = "projeto3", "projeto3\projeto3.csproj", "{BE438F96-0B1A-4CBF-8BAF-4C48BA8A496F}"
EndProject
Global
	GlobalSection(SolutionConfigurationPlatforms) = preSolution
		Debug|Any CPU = Debug|Any CPU
		Release|Any CPU = Release|Any CPU
	EndGlobalSection
	GlobalSection(ProjectConfigurationPlatforms) = postSolution
		{BE438F96-0B1A-4CBF-8BAF-4C48BA8A496F}.Debug|Any CPU.ActiveCfg = Debug|Any CPU
		{BE438F96-0B1A-4CBF-8BAF-4C48BA8A496F}.Debug|Any CPU.Build.0 = Debug|Any CPU
		{BE438F96-0B1A-4CBF-8BAF-4C48BA8A496F}.Release|Any CPU.ActiveCfg = Release|Any CPU
		{BE438F96-0B1A-4CBF-8BAF-4C48BA8A496F}.Release|Any CPU.Build.0 = Release|Any CPU
	EndGlobalSection
	GlobalSection(SolutionProperties) = preSolution
		HideSolutionNode = FALSE
	EndGlobalSection
	GlobalSection(ExtensibilityGlobals) = postSolution
		SolutionGuid = {0E351507-092F-4076-B600-4BD5FE2E8ED9}
	EndGlobalSection
EndGlobal
