
Microsoft Visual Studio Solution File, Format Version 12.00
# Visual Studio Version 17
VisualStudioVersion = 17.3.32929.385
MinimumVisualStudioVersion = 10.0.40219.1
Project("{FAE04EC0-301F-11D3-BF4B-00C04F79EFBC}") = "carro", "carro\carro.csproj", "{9EA94ED5-12E6-4F75-8FEF-B5DD1F787D09}"
EndProject
Project("{2150E333-8FDC-42A3-9474-1A3956D46DE8}") = "Itens de Solução", "Itens de Solução", "{CEB764B9-8D77-408E-BCFA-B4AA048F6EFE}"
EndProject
Global
	GlobalSection(SolutionConfigurationPlatforms) = preSolution
		Debug|Any CPU = Debug|Any CPU
		Release|Any CPU = Release|Any CPU
	EndGlobalSection
	GlobalSection(ProjectConfigurationPlatforms) = postSolution
		{9EA94ED5-12E6-4F75-8FEF-B5DD1F787D09}.Debug|Any CPU.ActiveCfg = Debug|Any CPU
		{9EA94ED5-12E6-4F75-8FEF-B5DD1F787D09}.Debug|Any CPU.Build.0 = Debug|Any CPU
		{9EA94ED5-12E6-4F75-8FEF-B5DD1F787D09}.Release|Any CPU.ActiveCfg = Release|Any CPU
		{9EA94ED5-12E6-4F75-8FEF-B5DD1F787D09}.Release|Any CPU.Build.0 = Release|Any CPU
	EndGlobalSection
	GlobalSection(SolutionProperties) = preSolution
		HideSolutionNode = FALSE
	EndGlobalSection
	GlobalSection(ExtensibilityGlobals) = postSolution
		SolutionGuid = {92FA9032-3742-4B02-AB0F-D543AF68623F}
	EndGlobalSection
EndGlobal
